
Microsoft Visual Studio Solution File, Format Version 12.00
# Visual Studio Version 17
VisualStudioVersion = 17.4.33403.182
MinimumVisualStudioVersion = 10.0.40219.1
Project("{54A90642-561A-4BB1-A94E-469ADEE60C69}") = "convergence-frontend", "convergence-frontend\convergence-frontend.esproj", "{B6D28A27-4304-4EED-BDAD-05087F2F1C08}"
	ProjectSection(ProjectDependencies) = postProject
		{50A3D0DF-6B16-4223-9274-12D32CAEEEA5} = {50A3D0DF-6B16-4223-9274-12D32CAEEEA5}
	EndProjectSection
EndProject
Project("{9A19103F-16F7-4668-BE54-9A1E7A4F7556}") = "convergence-backend", "convergence-backend\convergence-backend.csproj", "{50A3D0DF-6B16-4223-9274-12D32CAEEEA5}"
EndProject
Global
	GlobalSection(SolutionConfigurationPlatforms) = preSolution
		Debug|Any CPU = Debug|Any CPU
		Release|Any CPU = Release|Any CPU
	EndGlobalSection
	GlobalSection(ProjectConfigurationPlatforms) = postSolution
		{B6D28A27-4304-4EED-BDAD-05087F2F1C08}.Debug|Any CPU.ActiveCfg = Debug|Any CPU
		{B6D28A27-4304-4EED-BDAD-05087F2F1C08}.Debug|Any CPU.Build.0 = Debug|Any CPU
		{B6D28A27-4304-4EED-BDAD-05087F2F1C08}.Debug|Any CPU.Deploy.0 = Debug|Any CPU
		{B6D28A27-4304-4EED-BDAD-05087F2F1C08}.Release|Any CPU.ActiveCfg = Release|Any CPU
		{B6D28A27-4304-4EED-BDAD-05087F2F1C08}.Release|Any CPU.Build.0 = Release|Any CPU
		{B6D28A27-4304-4EED-BDAD-05087F2F1C08}.Release|Any CPU.Deploy.0 = Release|Any CPU
		{50A3D0DF-6B16-4223-9274-12D32CAEEEA5}.Debug|Any CPU.ActiveCfg = Debug|Any CPU
		{50A3D0DF-6B16-4223-9274-12D32CAEEEA5}.Debug|Any CPU.Build.0 = Debug|Any CPU
		{50A3D0DF-6B16-4223-9274-12D32CAEEEA5}.Release|Any CPU.ActiveCfg = Release|Any CPU
		{50A3D0DF-6B16-4223-9274-12D32CAEEEA5}.Release|Any CPU.Build.0 = Release|Any CPU
	EndGlobalSection
	GlobalSection(SolutionProperties) = preSolution
		HideSolutionNode = FALSE
	EndGlobalSection
	GlobalSection(ExtensibilityGlobals) = postSolution
		SolutionGuid = {4A448DF1-6591-4664-902B-E69D22466CF4}
	EndGlobalSection
EndGlobal
